
Microsoft Visual Studio Solution File, Format Version 12.00
# Visual Studio Version 17
VisualStudioVersion = 17.7.34031.279
MinimumVisualStudioVersion = 10.0.40219.1
Project("{2150E333-8FDC-42A3-9474-1A3956D46DE8}") = "Services", "Services", "{E6C2BF9B-6317-4DB3-A51A-389C67BD73B7}"
EndProject
Project("{2150E333-8FDC-42A3-9474-1A3956D46DE8}") = "Catalog", "Catalog", "{DFC69B99-223C-40A2-801E-A9EB8D96288E}"
EndProject
Project("{9A19103F-16F7-4668-BE54-9A1E7A4F7556}") = "PuyzShop.Catalog", "Services\Catalog\PuyzShop.Catalog\PuyzShop.Catalog.csproj", "{0A63A46B-DD78-413D-8021-D32E1431F412}"
EndProject
Project("{2150E333-8FDC-42A3-9474-1A3956D46DE8}") = "Discount", "Discount", "{F1B0662B-C0BD-4E59-A749-AC9686DFA177}"
EndProject
Project("{9A19103F-16F7-4668-BE54-9A1E7A4F7556}") = "PuyzShop.Discount", "Services\Discount\PuyzShop.Discount\PuyzShop.Discount.csproj", "{8737949E-BC42-432F-9E10-E22E855CB0BE}"
EndProject
Project("{2150E333-8FDC-42A3-9474-1A3956D46DE8}") = "Order", "Order", "{937AE2B1-8C1F-435B-8C70-3EC11F5288F7}"
EndProject
Project("{2150E333-8FDC-42A3-9474-1A3956D46DE8}") = "Core", "Core", "{4ADA3E4B-9EE0-404C-AD77-49A2DD6CC70E}"
EndProject
Project("{2150E333-8FDC-42A3-9474-1A3956D46DE8}") = "Infrastructure", "Infrastructure", "{9D37E950-F4F6-4AAC-AD57-623E08C4D494}"
EndProject
Project("{2150E333-8FDC-42A3-9474-1A3956D46DE8}") = "Presentation", "Presentation", "{E929DF10-250E-48AA-9F53-05D36690D5EC}"
EndProject
Project("{9A19103F-16F7-4668-BE54-9A1E7A4F7556}") = "PuyzShop.Order.Domain", "Services\Order\Core\PuyzShop.Order.Domain\PuyzShop.Order.Domain.csproj", "{8F979F3B-C0BF-4F02-8624-7DDAE29578E0}"
EndProject
Project("{9A19103F-16F7-4668-BE54-9A1E7A4F7556}") = "PuyzShop.Order.Application", "Services\Order\Core\PuyzShop.Order.Application\PuyzShop.Order.Application.csproj", "{E37E250D-DAF9-4B66-B2D8-AAAD92266A27}"
EndProject
Project("{9A19103F-16F7-4668-BE54-9A1E7A4F7556}") = "PuyzShop.Order.Persistence", "Services\Order\Infrastructure\PuyzShop.Order.Persistence\PuyzShop.Order.Persistence.csproj", "{BFA1AF96-4927-41C2-8BCA-B90FB26E3CF2}"
EndProject
Project("{9A19103F-16F7-4668-BE54-9A1E7A4F7556}") = "PuyzShop.Order.WebApi", "Services\Order\Presentation\PuyzShop.Order.WebApi\PuyzShop.Order.WebApi.csproj", "{5107DE55-B2E7-4FAC-8CC6-7303B578980F}"
EndProject
Project("{2150E333-8FDC-42A3-9474-1A3956D46DE8}") = "IdentityServer", "IdentityServer", "{9AFAABDA-A4D9-4E79-B575-26C4F231B275}"
EndProject
Project("{9A19103F-16F7-4668-BE54-9A1E7A4F7556}") = "PuyzShop.IdentityServer", "IdentityServer\PuyzShop.IdentityServer\PuyzShop.IdentityServer.csproj", "{A337CB04-24A6-4A10-BCE9-BDFBEBF9CDDD}"
EndProject
Global
	GlobalSection(SolutionConfigurationPlatforms) = preSolution
		Debug|Any CPU = Debug|Any CPU
		Release|Any CPU = Release|Any CPU
	EndGlobalSection
	GlobalSection(ProjectConfigurationPlatforms) = postSolution
		{0A63A46B-DD78-413D-8021-D32E1431F412}.Debug|Any CPU.ActiveCfg = Debug|Any CPU
		{0A63A46B-DD78-413D-8021-D32E1431F412}.Debug|Any CPU.Build.0 = Debug|Any CPU
		{0A63A46B-DD78-413D-8021-D32E1431F412}.Release|Any CPU.ActiveCfg = Release|Any CPU
		{0A63A46B-DD78-413D-8021-D32E1431F412}.Release|Any CPU.Build.0 = Release|Any CPU
		{8737949E-BC42-432F-9E10-E22E855CB0BE}.Debug|Any CPU.ActiveCfg = Debug|Any CPU
		{8737949E-BC42-432F-9E10-E22E855CB0BE}.Debug|Any CPU.Build.0 = Debug|Any CPU
		{8737949E-BC42-432F-9E10-E22E855CB0BE}.Release|Any CPU.ActiveCfg = Release|Any CPU
		{8737949E-BC42-432F-9E10-E22E855CB0BE}.Release|Any CPU.Build.0 = Release|Any CPU
		{8F979F3B-C0BF-4F02-8624-7DDAE29578E0}.Debug|Any CPU.ActiveCfg = Debug|Any CPU
		{8F979F3B-C0BF-4F02-8624-7DDAE29578E0}.Debug|Any CPU.Build.0 = Debug|Any CPU
		{8F979F3B-C0BF-4F02-8624-7DDAE29578E0}.Release|Any CPU.ActiveCfg = Release|Any CPU
		{8F979F3B-C0BF-4F02-8624-7DDAE29578E0}.Release|Any CPU.Build.0 = Release|Any CPU
		{E37E250D-DAF9-4B66-B2D8-AAAD92266A27}.Debug|Any CPU.ActiveCfg = Debug|Any CPU
		{E37E250D-DAF9-4B66-B2D8-AAAD92266A27}.Debug|Any CPU.Build.0 = Debug|Any CPU
		{E37E250D-DAF9-4B66-B2D8-AAAD92266A27}.Release|Any CPU.ActiveCfg = Release|Any CPU
		{E37E250D-DAF9-4B66-B2D8-AAAD92266A27}.Release|Any CPU.Build.0 = Release|Any CPU
		{BFA1AF96-4927-41C2-8BCA-B90FB26E3CF2}.Debug|Any CPU.ActiveCfg = Debug|Any CPU
		{BFA1AF96-4927-41C2-8BCA-B90FB26E3CF2}.Debug|Any CPU.Build.0 = Debug|Any CPU
		{BFA1AF96-4927-41C2-8BCA-B90FB26E3CF2}.Release|Any CPU.ActiveCfg = Release|Any CPU
		{BFA1AF96-4927-41C2-8BCA-B90FB26E3CF2}.Release|Any CPU.Build.0 = Release|Any CPU
		{5107DE55-B2E7-4FAC-8CC6-7303B578980F}.Debug|Any CPU.ActiveCfg = Debug|Any CPU
		{5107DE55-B2E7-4FAC-8CC6-7303B578980F}.Debug|Any CPU.Build.0 = Debug|Any CPU
		{5107DE55-B2E7-4FAC-8CC6-7303B578980F}.Release|Any CPU.ActiveCfg = Release|Any CPU
		{5107DE55-B2E7-4FAC-8CC6-7303B578980F}.Release|Any CPU.Build.0 = Release|Any CPU
		{A337CB04-24A6-4A10-BCE9-BDFBEBF9CDDD}.Debug|Any CPU.ActiveCfg = Debug|Any CPU
		{A337CB04-24A6-4A10-BCE9-BDFBEBF9CDDD}.Debug|Any CPU.Build.0 = Debug|Any CPU
		{A337CB04-24A6-4A10-BCE9-BDFBEBF9CDDD}.Release|Any CPU.ActiveCfg = Release|Any CPU
		{A337CB04-24A6-4A10-BCE9-BDFBEBF9CDDD}.Release|Any CPU.Build.0 = Release|Any CPU
	EndGlobalSection
	GlobalSection(SolutionProperties) = preSolution
		HideSolutionNode = FALSE
	EndGlobalSection
	GlobalSection(NestedProjects) = preSolution
		{DFC69B99-223C-40A2-801E-A9EB8D96288E} = {E6C2BF9B-6317-4DB3-A51A-389C67BD73B7}
		{0A63A46B-DD78-413D-8021-D32E1431F412} = {DFC69B99-223C-40A2-801E-A9EB8D96288E}
		{F1B0662B-C0BD-4E59-A749-AC9686DFA177} = {E6C2BF9B-6317-4DB3-A51A-389C67BD73B7}
		{8737949E-BC42-432F-9E10-E22E855CB0BE} = {F1B0662B-C0BD-4E59-A749-AC9686DFA177}
		{937AE2B1-8C1F-435B-8C70-3EC11F5288F7} = {E6C2BF9B-6317-4DB3-A51A-389C67BD73B7}
		{4ADA3E4B-9EE0-404C-AD77-49A2DD6CC70E} = {937AE2B1-8C1F-435B-8C70-3EC11F5288F7}
		{9D37E950-F4F6-4AAC-AD57-623E08C4D494} = {937AE2B1-8C1F-435B-8C70-3EC11F5288F7}
		{E929DF10-250E-48AA-9F53-05D36690D5EC} = {937AE2B1-8C1F-435B-8C70-3EC11F5288F7}
		{8F979F3B-C0BF-4F02-8624-7DDAE29578E0} = {4ADA3E4B-9EE0-404C-AD77-49A2DD6CC70E}
		{E37E250D-DAF9-4B66-B2D8-AAAD92266A27} = {4ADA3E4B-9EE0-404C-AD77-49A2DD6CC70E}
		{BFA1AF96-4927-41C2-8BCA-B90FB26E3CF2} = {9D37E950-F4F6-4AAC-AD57-623E08C4D494}
		{5107DE55-B2E7-4FAC-8CC6-7303B578980F} = {E929DF10-250E-48AA-9F53-05D36690D5EC}
		{A337CB04-24A6-4A10-BCE9-BDFBEBF9CDDD} = {9AFAABDA-A4D9-4E79-B575-26C4F231B275}
	EndGlobalSection
	GlobalSection(ExtensibilityGlobals) = postSolution
		SolutionGuid = {DB73025F-842B-42C2-B450-ADBD18427880}
	EndGlobalSection
EndGlobal
